%{"amqp": {:hex, :amqp, "0.1.5", "f38e30abfce06fd2213f5e24744a2923f9d3c30f1687db19952be547457e0e7b", [:mix], [{:amqp_client, "3.5.6", [hex: :amqp_client, optional: false]}]},
  "amqp_client": {:hex, :amqp_client, "3.5.6", "ed7e63122f32af1d503d134e6c1b088a0627e89c6b5c77b92984c841cb0939be", [:rebar], [{:rabbit_common, "3.5.6", [hex: :rabbit_common, optional: false]}]},
  "distillery": {:hex, :distillery, "0.10.1", "14fccade4b8ab849b99e21c4bdfaa1092dbacdce8afd33f5c369c6e114385b0e", [:mix], []},
  "rabbit_common": {:hex, :rabbit_common, "3.5.6", "ad541be86f08cdb1c04320eb4353ad30f25555569c95cc062af28cf79b74d085", [:rebar], []}}
